
Microsoft Visual Studio Solution File, Format Version 12.00
# Visual Studio Version 16
VisualStudioVersion = 16.0.31702.278
MinimumVisualStudioVersion = 10.0.40219.1
Project("{FAE04EC0-301F-11D3-BF4B-00C04F79EFBC}") = "WebApi", "WebApi.csproj", "{222219D6-8502-46CD-AEA1-3BB036DFB20D}"
EndProject
Global
	GlobalSection(SolutionConfigurationPlatforms) = preSolution
		Debug|Any CPU = Debug|Any CPU
		Release|Any CPU = Release|Any CPU
	EndGlobalSection
	GlobalSection(ProjectConfigurationPlatforms) = postSolution
		{222219D6-8502-46CD-AEA1-3BB036DFB20D}.Debug|Any CPU.ActiveCfg = Debug|Any CPU
		{222219D6-8502-46CD-AEA1-3BB036DFB20D}.Debug|Any CPU.Build.0 = Debug|Any CPU
		{222219D6-8502-46CD-AEA1-3BB036DFB20D}.Release|Any CPU.ActiveCfg = Release|Any CPU
		{222219D6-8502-46CD-AEA1-3BB036DFB20D}.Release|Any CPU.Build.0 = Release|Any CPU
	EndGlobalSection
	GlobalSection(SolutionProperties) = preSolution
		HideSolutionNode = FALSE
	EndGlobalSection
	GlobalSection(ExtensibilityGlobals) = postSolution
		SolutionGuid = {CC34455E-E8B5-48C2-93D3-075B50B6B639}
	EndGlobalSection
EndGlobal
